
Microsoft Visual Studio Solution File, Format Version 12.00
# Visual Studio Version 17
VisualStudioVersion = 17.4.33103.184
MinimumVisualStudioVersion = 10.0.40219.1
Project("{FAE04EC0-301F-11D3-BF4B-00C04F79EFBC}") = "WebApiNorthwind", "WebApi2\WebApiNorthwind.csproj", "{B720EFBD-FD9F-4405-BF17-B11DA3F9CDFE}"
EndProject
Global
	GlobalSection(SolutionConfigurationPlatforms) = preSolution
		Debug|Any CPU = Debug|Any CPU
		Release|Any CPU = Release|Any CPU
	EndGlobalSection
	GlobalSection(ProjectConfigurationPlatforms) = postSolution
		{B720EFBD-FD9F-4405-BF17-B11DA3F9CDFE}.Debug|Any CPU.ActiveCfg = Debug|Any CPU
		{B720EFBD-FD9F-4405-BF17-B11DA3F9CDFE}.Debug|Any CPU.Build.0 = Debug|Any CPU
		{B720EFBD-FD9F-4405-BF17-B11DA3F9CDFE}.Release|Any CPU.ActiveCfg = Release|Any CPU
		{B720EFBD-FD9F-4405-BF17-B11DA3F9CDFE}.Release|Any CPU.Build.0 = Release|Any CPU
	EndGlobalSection
	GlobalSection(SolutionProperties) = preSolution
		HideSolutionNode = FALSE
	EndGlobalSection
	GlobalSection(ExtensibilityGlobals) = postSolution
		SolutionGuid = {C703B8B0-5FD1-4A43-9AB1-96C457454685}
	EndGlobalSection
EndGlobal
